
Microsoft Visual Studio Solution File, Format Version 12.00
# Visual Studio Version 17
VisualStudioVersion = 17.10.35027.167
MinimumVisualStudioVersion = 10.0.40219.1
Project("{FAE04EC0-301F-11D3-BF4B-00C04F79EFBC}") = "Avalonia.NewExp", "Avalonia.NewExp\Avalonia.NewExp.csproj", "{7CD5B331-E07F-48FB-90A3-40E14D09CCE2}"
EndProject
Global
	GlobalSection(SolutionConfigurationPlatforms) = preSolution
		Debug|Any CPU = Debug|Any CPU
		Release|Any CPU = Release|Any CPU
	EndGlobalSection
	GlobalSection(ProjectConfigurationPlatforms) = postSolution
		{7CD5B331-E07F-48FB-90A3-40E14D09CCE2}.Debug|Any CPU.ActiveCfg = Debug|Any CPU
		{7CD5B331-E07F-48FB-90A3-40E14D09CCE2}.Debug|Any CPU.Build.0 = Debug|Any CPU
		{7CD5B331-E07F-48FB-90A3-40E14D09CCE2}.Release|Any CPU.ActiveCfg = Release|Any CPU
		{7CD5B331-E07F-48FB-90A3-40E14D09CCE2}.Release|Any CPU.Build.0 = Release|Any CPU
	EndGlobalSection
	GlobalSection(SolutionProperties) = preSolution
		HideSolutionNode = FALSE
	EndGlobalSection
	GlobalSection(ExtensibilityGlobals) = postSolution
		SolutionGuid = {3E162C3D-3C71-4F9D-943E-96BA4466F786}
	EndGlobalSection
EndGlobal
